// !$*UTF8*$!
{
	archiveVersion = 1;
	classes = {
	};
	objectVersion = 50;
	objects = {

/* Begin PBXBuildFile section */
		3C2DEA8623F6B995005DDFDE /* AppDelegate.swift in Sources */ = {isa = PBXBuildFile; fileRef = 3C2DEA8523F6B995005DDFDE /* AppDelegate.swift */; };
		3C2DEA8823F6B995005DDFDE /* SceneDelegate.swift in Sources */ = {isa = PBXBuildFile; fileRef = 3C2DEA8723F6B995005DDFDE /* SceneDelegate.swift */; };
		3C2DEA8A23F6B995005DDFDE /* GridViewController.swift in Sources */ = {isa = PBXBuildFile; fileRef = 3C2DEA8923F6B995005DDFDE /* GridViewController.swift */; };
		3C2DEA8D23F6B995005DDFDE /* Main.storyboard in Resources */ = {isa = PBXBuildFile; fileRef = 3C2DEA8B23F6B995005DDFDE /* Main.storyboard */; };
		3C2DEA8F23F6B995005DDFDE /* Assets.xcassets in Resources */ = {isa = PBXBuildFile; fileRef = 3C2DEA8E23F6B995005DDFDE /* Assets.xcassets */; };
		3C2DEA9223F6B995005DDFDE /* LaunchScreen.storyboard in Resources */ = {isa = PBXBuildFile; fileRef = 3C2DEA9023F6B995005DDFDE /* LaunchScreen.storyboard */; };
		3C2DEA9D23F6B996005DDFDE /* CollectionViewCompositionalDiffableDataSourceTests.swift in Sources */ = {isa = PBXBuildFile; fileRef = 3C2DEA9C23F6B996005DDFDE /* CollectionViewCompositionalDiffableDataSourceTests.swift */; };
		3C2DEAA823F6B996005DDFDE /* CollectionViewCompositionalDiffableDataSourceUITests.swift in Sources */ = {isa = PBXBuildFile; fileRef = 3C2DEAA723F6B996005DDFDE /* CollectionViewCompositionalDiffableDataSourceUITests.swift */; };
		3C2DEAB623F6BA38005DDFDE /* GridCell.swift in Sources */ = {isa = PBXBuildFile; fileRef = 3C2DEAB523F6BA38005DDFDE /* GridCell.swift */; };
/* End PBXBuildFile section */

/* Begin PBXContainerItemProxy section */
		3C2DEA9923F6B996005DDFDE /* PBXContainerItemProxy */ = {
			isa = PBXContainerItemProxy;
			containerPortal = 3C2DEA7A23F6B995005DDFDE /* Project object */;
			proxyType = 1;
			remoteGlobalIDString = 3C2DEA8123F6B995005DDFDE;
			remoteInfo = CollectionViewCompositionalDiffableDataSource;
		};
		3C2DEAA423F6B996005DDFDE /* PBXContainerItemProxy */ = {
			isa = PBXContainerItemProxy;
			containerPortal = 3C2DEA7A23F6B995005DDFDE /* Project object */;
			proxyType = 1;
			remoteGlobalIDString = 3C2DEA8123F6B995005DDFDE;
			remoteInfo = CollectionViewCompositionalDiffableDataSource;
		};
/* End PBXContainerItemProxy section */

/* Begin PBXFileReference section */
		3C2DEA8223F6B995005DDFDE /* CollectionViewCompositionalDiffableDataSource.app */ = {isa = PBXFileReference; explicitFileType = wrapper.application; includeInIndex = 0; path = CollectionViewCompositionalDiffableDataSource.app; sourceTree = BUILT_PRODUCTS_DIR; };
		3C2DEA8523F6B995005DDFDE /* AppDelegate.swift */ = {isa = PBXFileReference; lastKnownFileType = sourcecode.swift; path = AppDelegate.swift; sourceTree = "<group>"; };
		3C2DEA8723F6B995005DDFDE /* SceneDelegate.swift */ = {isa = PBXFileReference; lastKnownFileType = sourcecode.swift; path = SceneDelegate.swift; sourceTree = "<group>"; };
		3C2DEA8923F6B995005DDFDE /* GridViewController.swift */ = {isa = PBXFileReference; lastKnownFileType = sourcecode.swift; path = GridViewController.swift; sourceTree = "<group>"; };
		3C2DEA8C23F6B995005DDFDE /* Base */ = {isa = PBXFileReference; lastKnownFileType = file.storyboard; name = Base; path = Base.lproj/Main.storyboard; sourceTree = "<group>"; };
		3C2DEA8E23F6B995005DDFDE /* Assets.xcassets */ = {isa = PBXFileReference; lastKnownFileType = folder.assetcatalog; path = Assets.xcassets; sourceTree = "<group>"; };
		3C2DEA9123F6B995005DDFDE /* Base */ = {isa = PBXFileReference; lastKnownFileType = file.storyboard; name = Base; path = Base.lproj/LaunchScreen.storyboard; sourceTree = "<group>"; };
		3C2DEA9323F6B995005DDFDE /* Info.plist */ = {isa = PBXFileReference; lastKnownFileType = text.plist.xml; path = Info.plist; sourceTree = "<group>"; };
		3C2DEA9823F6B996005DDFDE /* CollectionViewCompositionalDiffableDataSourceTests.xctest */ = {isa = PBXFileReference; explicitFileType = wrapper.cfbundle; includeInIndex = 0; path = CollectionViewCompositionalDiffableDataSourceTests.xctest; sourceTree = BUILT_PRODUCTS_DIR; };
		3C2DEA9C23F6B996005DDFDE /* CollectionViewCompositionalDiffableDataSourceTests.swift */ = {isa = PBXFileReference; lastKnownFileType = sourcecode.swift; path = CollectionViewCompositionalDiffableDataSourceTests.swift; sourceTree = "<group>"; };
		3C2DEA9E23F6B996005DDFDE /* Info.plist */ = {isa = PBXFileReference; lastKnownFileType = text.plist.xml; path = Info.plist; sourceTree = "<group>"; };
		3C2DEAA323F6B996005DDFDE /* CollectionViewCompositionalDiffableDataSourceUITests.xctest */ = {isa = PBXFileReference; explicitFileType = wrapper.cfbundle; includeInIndex = 0; path = CollectionViewCompositionalDiffableDataSourceUITests.xctest; sourceTree = BUILT_PRODUCTS_DIR; };
		3C2DEAA723F6B996005DDFDE /* CollectionViewCompositionalDiffableDataSourceUITests.swift */ = {isa = PBXFileReference; lastKnownFileType = sourcecode.swift; path = CollectionViewCompositionalDiffableDataSourceUITests.swift; sourceTree = "<group>"; };
		3C2DEAA923F6B996005DDFDE /* Info.plist */ = {isa = PBXFileReference; lastKnownFileType = text.plist.xml; path = Info.plist; sourceTree = "<group>"; };
		3C2DEAB523F6BA38005DDFDE /* GridCell.swift */ = {isa = PBXFileReference; lastKnownFileType = sourcecode.swift; path = GridCell.swift; sourceTree = "<group>"; };
/* End PBXFileReference section */

/* Begin PBXFrameworksBuildPhase section */
		3C2DEA7F23F6B995005DDFDE /* Frameworks */ = {
			isa = PBXFrameworksBuildPhase;
			buildActionMask = 2147483647;
			files = (
			);
			runOnlyForDeploymentPostprocessing = 0;
		};
		3C2DEA9523F6B996005DDFDE /* Frameworks */ = {
			isa = PBXFrameworksBuildPhase;
			buildActionMask = 2147483647;
			files = (
			);
			runOnlyForDeploymentPostprocessing = 0;
		};
		3C2DEAA023F6B996005DDFDE /* Frameworks */ = {
			isa = PBXFrameworksBuildPhase;
			buildActionMask = 2147483647;
			files = (
			);
			runOnlyForDeploymentPostprocessing = 0;
		};
/* End PBXFrameworksBuildPhase section */

/* Begin PBXGroup section */
		3C2DEA7923F6B995005DDFDE = {
			isa = PBXGroup;
			children = (
				3C2DEA8423F6B995005DDFDE /* CollectionViewCompositionalDiffableDataSource */,
				3C2DEA9B23F6B996005DDFDE /* CollectionViewCompositionalDiffableDataSourceTests */,
				3C2DEAA623F6B996005DDFDE /* CollectionViewCompositionalDiffableDataSourceUITests */,
				3C2DEA8323F6B995005DDFDE /* Products */,
			);
			sourceTree = "<group>";
		};
		3C2DEA8323F6B995005DDFDE /* Products */ = {
			isa = PBXGroup;
			children = (
				3C2DEA8223F6B995005DDFDE /* CollectionViewCompositionalDiffableDataSource.app */,
				3C2DEA9823F6B996005DDFDE /* CollectionViewCompositionalDiffableDataSourceTests.xctest */,
				3C2DEAA323F6B996005DDFDE /* CollectionViewCompositionalDiffableDataSourceUITests.xctest */,
			);
			name = Products;
			sourceTree = "<group>";
		};
		3C2DEA8423F6B995005DDFDE /* CollectionViewCompositionalDiffableDataSource */ = {
			isa = PBXGroup;
			children = (
				3C2DEA8523F6B995005DDFDE /* AppDelegate.swift */,
				3C2DEA8723F6B995005DDFDE /* SceneDelegate.swift */,
				3C2DEA8923F6B995005DDFDE /* GridViewController.swift */,
				3C2DEAB523F6BA38005DDFDE /* GridCell.swift */,
				3C2DEA8B23F6B995005DDFDE /* Main.storyboard */,
				3C2DEA8E23F6B995005DDFDE /* Assets.xcassets */,
				3C2DEA9023F6B995005DDFDE /* LaunchScreen.storyboard */,
				3C2DEA9323F6B995005DDFDE /* Info.plist */,
			);
			path = CollectionViewCompositionalDiffableDataSource;
			sourceTree = "<group>";
		};
		3C2DEA9B23F6B996005DDFDE /* CollectionViewCompositionalDiffableDataSourceTests */ = {
			isa = PBXGroup;
			children = (
				3C2DEA9C23F6B996005DDFDE /* CollectionViewCompositionalDiffableDataSourceTests.swift */,
				3C2DEA9E23F6B996005DDFDE /* Info.plist */,
			);
			path = CollectionViewCompositionalDiffableDataSourceTests;
			sourceTree = "<group>";
		};
		3C2DEAA623F6B996005DDFDE /* CollectionViewCompositionalDiffableDataSourceUITests */ = {
			isa = PBXGroup;
			children = (
				3C2DEAA723F6B996005DDFDE /* CollectionViewCompositionalDiffableDataSourceUITests.swift */,
				3C2DEAA923F6B996005DDFDE /* Info.plist */,
			);
			path = CollectionViewCompositionalDiffableDataSourceUITests;
			sourceTree = "<group>";
		};
/* End PBXGroup section */

/* Begin PBXNativeTarget section */
		3C2DEA8123F6B995005DDFDE /* CollectionViewCompositionalDiffableDataSource */ = {
			isa = PBXNativeTarget;
			buildConfigurationList = 3C2DEAAC23F6B996005DDFDE /* Build configuration list for PBXNativeTarget "CollectionViewCompositionalDiffableDataSource" */;
			buildPhases = (
				3C2DEA7E23F6B995005DDFDE /* Sources */,
				3C2DEA7F23F6B995005DDFDE /* Frameworks */,
				3C2DEA8023F6B995005DDFDE /* Resources */,
			);
			buildRules = (
			);
			dependencies = (
			);
			name = CollectionViewCompositionalDiffableDataSource;
			productName = CollectionViewCompositionalDiffableDataSource;
			productReference = 3C2DEA8223F6B995005DDFDE /* CollectionViewCompositionalDiffableDataSource.app */;
			productType = "com.apple.product-type.application";
		};
		3C2DEA9723F6B996005DDFDE /* CollectionViewCompositionalDiffableDataSourceTests */ = {
			isa = PBXNativeTarget;
			buildConfigurationList = 3C2DEAAF23F6B996005DDFDE /* Build configuration list for PBXNativeTarget "CollectionViewCompositionalDiffableDataSourceTests" */;
			buildPhases = (
				3C2DEA9423F6B996005DDFDE /* Sources */,
				3C2DEA9523F6B996005DDFDE /* Frameworks */,
				3C2DEA9623F6B996005DDFDE /* Resources */,
			);
			buildRules = (
			);
			dependencies = (
				3C2DEA9A23F6B996005DDFDE /* PBXTargetDependency */,
			);
			name = CollectionViewCompositionalDiffableDataSourceTests;
			productName = CollectionViewCompositionalDiffableDataSourceTests;
			productReference = 3C2DEA9823F6B996005DDFDE /* CollectionViewCompositionalDiffableDataSourceTests.xctest */;
			productType = "com.apple.product-type.bundle.unit-test";
		};
		3C2DEAA223F6B996005DDFDE /* CollectionViewCompositionalDiffableDataSourceUITests */ = {
			isa = PBXNativeTarget;
			buildConfigurationList = 3C2DEAB223F6B996005DDFDE /* Build configuration list for PBXNativeTarget "CollectionViewCompositionalDiffableDataSourceUITests" */;
			buildPhases = (
				3C2DEA9F23F6B996005DDFDE /* Sources */,
				3C2DEAA023F6B996005DDFDE /* Frameworks */,
				3C2DEAA123F6B996005DDFDE /* Resources */,
			);
			buildRules = (
			);
			dependencies = (
				3C2DEAA523F6B996005DDFDE /* PBXTargetDependency */,
			);
			name = CollectionViewCompositionalDiffableDataSourceUITests;
			productName = CollectionViewCompositionalDiffableDataSourceUITests;
			productReference = 3C2DEAA323F6B996005DDFDE /* CollectionViewCompositionalDiffableDataSourceUITests.xctest */;
			productType = "com.apple.product-type.bundle.ui-testing";
		};
/* End PBXNativeTarget section */

/* Begin PBXProject section */
		3C2DEA7A23F6B995005DDFDE /* Project object */ = {
			isa = PBXProject;
			attributes = {
				LastSwiftUpdateCheck = 1130;
				LastUpgradeCheck = 1130;
				ORGANIZATIONNAME = "Suresh Shiga";
				TargetAttributes = {
					3C2DEA8123F6B995005DDFDE = {
						CreatedOnToolsVersion = 11.3.1;
					};
					3C2DEA9723F6B996005DDFDE = {
						CreatedOnToolsVersion = 11.3.1;
						TestTargetID = 3C2DEA8123F6B995005DDFDE;
					};
					3C2DEAA223F6B996005DDFDE = {
						CreatedOnToolsVersion = 11.3.1;
						TestTargetID = 3C2DEA8123F6B995005DDFDE;
					};
				};
			};
			buildConfigurationList = 3C2DEA7D23F6B995005DDFDE /* Build configuration list for PBXProject "CollectionViewCompositionalDiffableDataSource" */;
			compatibilityVersion = "Xcode 9.3";
			developmentRegion = en;
			hasScannedForEncodings = 0;
			knownRegions = (
				en,
				Base,
			);
			mainGroup = 3C2DEA7923F6B995005DDFDE;
			productRefGroup = 3C2DEA8323F6B995005DDFDE /* Products */;
			projectDirPath = "";
			projectRoot = "";
			targets = (
				3C2DEA8123F6B995005DDFDE /* CollectionViewCompositionalDiffableDataSource */,
				3C2DEA9723F6B996005DDFDE /* CollectionViewCompositionalDiffableDataSourceTests */,
				3C2DEAA223F6B996005DDFDE /* CollectionViewCompositionalDiffableDataSourceUITests */,
			);
		};
/* End PBXProject section */

/* Begin PBXResourcesBuildPhase section */
		3C2DEA8023F6B995005DDFDE /* Resources */ = {
			isa = PBXResourcesBuildPhase;
			buildActionMask = 2147483647;
			files = (
				3C2DEA9223F6B995005DDFDE /* LaunchScreen.storyboard in Resources */,
				3C2DEA8F23F6B995005DDFDE /* Assets.xcassets in Resources */,
				3C2DEA8D23F6B995005DDFDE /* Main.storyboard in Resources */,
			);
			runOnlyForDeploymentPostprocessing = 0;
		};
		3C2DEA9623F6B996005DDFDE /* Resources */ = {
			isa = PBXResourcesBuildPhase;
			buildActionMask = 2147483647;
			files = (
			);
			runOnlyForDeploymentPostprocessing = 0;
		};
		3C2DEAA123F6B996005DDFDE /* Resources */ = {
			isa = PBXResourcesBuildPhase;
			buildActionMask = 2147483647;
			files = (
			);
			runOnlyForDeploymentPostprocessing = 0;
		};
/* End PBXResourcesBuildPhase section */

/* Begin PBXSourcesBuildPhase section */
		3C2DEA7E23F6B995005DDFDE /* Sources */ = {
			isa = PBXSourcesBuildPhase;
			buildActionMask = 2147483647;
			files = (
				3C2DEA8A23F6B995005DDFDE /* GridViewController.swift in Sources */,
				3C2DEA8623F6B995005DDFDE /* AppDelegate.swift in Sources */,
				3C2DEA8823F6B995005DDFDE /* SceneDelegate.swift in Sources */,
				3C2DEAB623F6BA38005DDFDE /* GridCell.swift in Sources */,
			);
			runOnlyForDeploymentPostprocessing = 0;
		};
		3C2DEA9423F6B996005DDFDE /* Sources */ = {
			isa = PBXSourcesBuildPhase;
			buildActionMask = 2147483647;
			files = (
				3C2DEA9D23F6B996005DDFDE /* CollectionViewCompositionalDiffableDataSourceTests.swift in Sources */,
			);
			runOnlyForDeploymentPostprocessing = 0;
		};
		3C2DEA9F23F6B996005DDFDE /* Sources */ = {
			isa = PBXSourcesBuildPhase;
			buildActionMask = 2147483647;
			files = (
				3C2DEAA823F6B996005DDFDE /* CollectionViewCompositionalDiffableDataSourceUITests.swift in Sources */,
			);
			runOnlyForDeploymentPostprocessing = 0;
		};
/* End PBXSourcesBuildPhase section */

/* Begin PBXTargetDependency section */
		3C2DEA9A23F6B996005DDFDE /* PBXTargetDependency */ = {
			isa = PBXTargetDependency;
			target = 3C2DEA8123F6B995005DDFDE /* CollectionViewCompositionalDiffableDataSource */;
			targetProxy = 3C2DEA9923F6B996005DDFDE /* PBXContainerItemProxy */;
		};
		3C2DEAA523F6B996005DDFDE /* PBXTargetDependency */ = {
			isa = PBXTargetDependency;
			target = 3C2DEA8123F6B995005DDFDE /* CollectionViewCompositionalDiffableDataSource */;
			targetProxy = 3C2DEAA423F6B996005DDFDE /* PBXContainerItemProxy */;
		};
/* End PBXTargetDependency section */

/* Begin PBXVariantGroup section */
		3C2DEA8B23F6B995005DDFDE /* Main.storyboard */ = {
			isa = PBXVariantGroup;
			children = (
				3C2DEA8C23F6B995005DDFDE /* Base */,
			);
			name = Main.storyboard;
			sourceTree = "<group>";
		};
		3C2DEA9023F6B995005DDFDE /* LaunchScreen.storyboard */ = {
			isa = PBXVariantGroup;
			children = (
				3C2DEA9123F6B995005DDFDE /* Base */,
			);
			name = LaunchScreen.storyboard;
			sourceTree = "<group>";
		};
/* End PBXVariantGroup section */

/* Begin XCBuildConfiguration section */
		3C2DEAAA23F6B996005DDFDE /* Debug */ = {
			isa = XCBuildConfiguration;
			buildSettings = {
				ALWAYS_SEARCH_USER_PATHS = NO;
				CLANG_ANALYZER_NONNULL = YES;
				CLANG_ANALYZER_NUMBER_OBJECT_CONVERSION = YES_AGGRESSIVE;
				CLANG_CXX_LANGUAGE_STANDARD = "gnu++14";
				CLANG_CXX_LIBRARY = "libc++";
				CLANG_ENABLE_MODULES = YES;
				CLANG_ENABLE_OBJC_ARC = YES;
				CLANG_ENABLE_OBJC_WEAK = YES;
				CLANG_WARN_BLOCK_CAPTURE_AUTORELEASING = YES;
				CLANG_WARN_BOOL_CONVERSION = YES;
				CLANG_WARN_COMMA = YES;
				CLANG_WARN_CONSTANT_CONVERSION = YES;
				CLANG_WARN_DEPRECATED_OBJC_IMPLEMENTATIONS = YES;
				CLANG_WARN_DIRECT_OBJC_ISA_USAGE = YES_ERROR;
				CLANG_WARN_DOCUMENTATION_COMMENTS = YES;
				CLANG_WARN_EMPTY_BODY = YES;
				CLANG_WARN_ENUM_CONVERSION = YES;
				CLANG_WARN_INFINITE_RECURSION = YES;
				CLANG_WARN_INT_CONVERSION = YES;
				CLANG_WARN_NON_LITERAL_NULL_CONVERSION = YES;
				CLANG_WARN_OBJC_IMPLICIT_RETAIN_SELF = YES;
				CLANG_WARN_OBJC_LITERAL_CONVERSION = YES;
				CLANG_WARN_OBJC_ROOT_CLASS = YES_ERROR;
				CLANG_WARN_RANGE_LOOP_ANALYSIS = YES;
				CLANG_WARN_STRICT_PROTOTYPES = YES;
				CLANG_WARN_SUSPICIOUS_MOVE = YES;
				CLANG_WARN_UNGUARDED_AVAILABILITY = YES_AGGRESSIVE;
				CLANG_WARN_UNREACHABLE_CODE = YES;
				CLANG_WARN__DUPLICATE_METHOD_MATCH = YES;
				COPY_PHASE_STRIP = NO;
				DEBUG_INFORMATION_FORMAT = dwarf;
				ENABLE_STRICT_OBJC_MSGSEND = YES;
				ENABLE_TESTABILITY = YES;
				GCC_C_LANGUAGE_STANDARD = gnu11;
				GCC_DYNAMIC_NO_PIC = NO;
				GCC_NO_COMMON_BLOCKS = YES;
				GCC_OPTIMIZATION_LEVEL = 0;
				GCC_PREPROCESSOR_DEFINITIONS = (
					"DEBUG=1",
					"$(inherited)",
				);
				GCC_WARN_64_TO_32_BIT_CONVERSION = YES;
				GCC_WARN_ABOUT_RETURN_TYPE = YES_ERROR;
				GCC_WARN_UNDECLARED_SELECTOR = YES;
				GCC_WARN_UNINITIALIZED_AUTOS = YES_AGGRESSIVE;
				GCC_WARN_UNUSED_FUNCTION = YES;
				GCC_WARN_UNUSED_VARIABLE = YES;
				IPHONEOS_DEPLOYMENT_TARGET = 13.2;
				MTL_ENABLE_DEBUG_INFO = INCLUDE_SOURCE;
				MTL_FAST_MATH = YES;
				ONLY_ACTIVE_ARCH = YES;
				SDKROOT = iphoneos;
				SWIFT_ACTIVE_COMPILATION_CONDITIONS = DEBUG;
				SWIFT_OPTIMIZATION_LEVEL = "-Onone";
			};
			name = Debug;
		};
		3C2DEAAB23F6B996005DDFDE /* Release */ = {
			isa = XCBuildConfiguration;
			buildSettings = {
				ALWAYS_SEARCH_USER_PATHS = NO;
				CLANG_ANALYZER_NONNULL = YES;
				CLANG_ANALYZER_NUMBER_OBJECT_CONVERSION = YES_AGGRESSIVE;
				CLANG_CXX_LANGUAGE_STANDARD = "gnu++14";
				CLANG_CXX_LIBRARY = "libc++";
				CLANG_ENABLE_MODULES = YES;
				CLANG_ENABLE_OBJC_ARC = YES;
				CLANG_ENABLE_OBJC_WEAK = YES;
				CLANG_WARN_BLOCK_CAPTURE_AUTORELEASING = YES;
				CLANG_WARN_BOOL_CONVERSION = YES;
				CLANG_WARN_COMMA = YES;
				CLANG_WARN_CONSTANT_CONVERSION = YES;
				CLANG_WARN_DEPRECATED_OBJC_IMPLEMENTATIONS = YES;
				CLANG_WARN_DIRECT_OBJC_ISA_USAGE = YES_ERROR;
				CLANG_WARN_DOCUMENTATION_COMMENTS = YES;
				CLANG_WARN_EMPTY_BODY = YES;
				CLANG_WARN_ENUM_CONVERSION = YES;
				CLANG_WARN_INFINITE_RECURSION = YES;
				CLANG_WARN_INT_CONVERSION = YES;
				CLANG_WARN_NON_LITERAL_NULL_CONVERSION = YES;
				CLANG_WARN_OBJC_IMPLICIT_RETAIN_SELF = YES;
				CLANG_WARN_OBJC_LITERAL_CONVERSION = YES;
				CLANG_WARN_OBJC_ROOT_CLASS = YES_ERROR;
				CLANG_WARN_RANGE_LOOP_ANALYSIS = YES;
				CLANG_WARN_STRICT_PROTOTYPES = YES;
				CLANG_WARN_SUSPICIOUS_MOVE = YES;
				CLANG_WARN_UNGUARDED_AVAILABILITY = YES_AGGRESSIVE;
				CLANG_WARN_UNREACHABLE_CODE = YES;
				CLANG_WARN__DUPLICATE_METHOD_MATCH = YES;
				COPY_PHASE_STRIP = NO;
				DEBUG_INFORMATION_FORMAT = "dwarf-with-dsym";
				ENABLE_NS_ASSERTIONS = NO;
				ENABLE_STRICT_OBJC_MSGSEND = YES;
				GCC_C_LANGUAGE_STANDARD = gnu11;
				GCC_NO_COMMON_BLOCKS = YES;
				GCC_WARN_64_TO_32_BIT_CONVERSION = YES;
				GCC_WARN_ABOUT_RETURN_TYPE = YES_ERROR;
				GCC_WARN_UNDECLARED_SELECTOR = YES;
				GCC_WARN_UNINITIALIZED_AUTOS = YES_AGGRESSIVE;
				GCC_WARN_UNUSED_FUNCTION = YES;
				GCC_WARN_UNUSED_VARIABLE = YES;
				IPHONEOS_DEPLOYMENT_TARGET = 13.2;
				MTL_ENABLE_DEBUG_INFO = NO;
				MTL_FAST_MATH = YES;
				SDKROOT = iphoneos;
				SWIFT_COMPILATION_MODE = wholemodule;
				SWIFT_OPTIMIZATION_LEVEL = "-O";
				VALIDATE_PRODUCT = YES;
			};
			name = Release;
		};
		3C2DEAAD23F6B996005DDFDE /* Debug */ = {
			isa = XCBuildConfiguration;
			buildSettings = {
				ASSETCATALOG_COMPILER_APPICON_NAME = AppIcon;
				CODE_SIGN_STYLE = Automatic;
				INFOPLIST_FILE = CollectionViewCompositionalDiffableDataSource/Info.plist;
				LD_RUNPATH_SEARCH_PATHS = (
					"$(inherited)",
					"@executable_path/Frameworks",
				);
				PRODUCT_BUNDLE_IDENTIFIER = com.CollectionViewCompositionalDiffableDataSource;
				PRODUCT_NAME = "$(TARGET_NAME)";
				SWIFT_VERSION = 5.0;
				TARGETED_DEVICE_FAMILY = "1,2";
			};
			name = Debug;
		};
		3C2DEAAE23F6B996005DDFDE /* Release */ = {
			isa = XCBuildConfiguration;
			buildSettings = {
				ASSETCATALOG_COMPILER_APPICON_NAME = AppIcon;
				CODE_SIGN_STYLE = Automatic;
				INFOPLIST_FILE = CollectionViewCompositionalDiffableDataSource/Info.plist;
				LD_RUNPATH_SEARCH_PATHS = (
					"$(inherited)",
					"@executable_path/Frameworks",
				);
				PRODUCT_BUNDLE_IDENTIFIER = com.CollectionViewCompositionalDiffableDataSource;
				PRODUCT_NAME = "$(TARGET_NAME)";
				SWIFT_VERSION = 5.0;
				TARGETED_DEVICE_FAMILY = "1,2";
			};
			name = Release;
		};
		3C2DEAB023F6B996005DDFDE /* Debug */ = {
			isa = XCBuildConfiguration;
			buildSettings = {
				ALWAYS_EMBED_SWIFT_STANDARD_LIBRARIES = YES;
				BUNDLE_LOADER = "$(TEST_HOST)";
				CODE_SIGN_STYLE = Automatic;
				INFOPLIST_FILE = CollectionViewCompositionalDiffableDataSourceTests/Info.plist;
				IPHONEOS_DEPLOYMENT_TARGET = 13.2;
				LD_RUNPATH_SEARCH_PATHS = (
					"$(inherited)",
					"@executable_path/Frameworks",
					"@loader_path/Frameworks",
				);
				PRODUCT_BUNDLE_IDENTIFIER = com.CollectionViewCompositionalDiffableDataSourceTests;
				PRODUCT_NAME = "$(TARGET_NAME)";
				SWIFT_VERSION = 5.0;
				TARGETED_DEVICE_FAMILY = "1,2";
				TEST_HOST = "$(BUILT_PRODUCTS_DIR)/CollectionViewCompositionalDiffableDataSource.app/CollectionViewCompositionalDiffableDataSource";
			};
			name = Debug;
		};
		3C2DEAB123F6B996005DDFDE /* Release */ = {
			isa = XCBuildConfiguration;
			buildSettings = {
				ALWAYS_EMBED_SWIFT_STANDARD_LIBRARIES = YES;
				BUNDLE_LOADER = "$(TEST_HOST)";
				CODE_SIGN_STYLE = Automatic;
				INFOPLIST_FILE = CollectionViewCompositionalDiffableDataSourceTests/Info.plist;
				IPHONEOS_DEPLOYMENT_TARGET = 13.2;
				LD_RUNPATH_SEARCH_PATHS = (
					"$(inherited)",
					"@executable_path/Frameworks",
					"@loader_path/Frameworks",
				);
				PRODUCT_BUNDLE_IDENTIFIER = com.CollectionViewCompositionalDiffableDataSourceTests;
				PRODUCT_NAME = "$(TARGET_NAME)";
				SWIFT_VERSION = 5.0;
				TARGETED_DEVICE_FAMILY = "1,2";
				TEST_HOST = "$(BUILT_PRODUCTS_DIR)/CollectionViewCompositionalDiffableDataSource.app/CollectionViewCompositionalDiffableDataSource";
			};
			name = Release;
		};
		3C2DEAB323F6B996005DDFDE /* Debug */ = {
			isa = XCBuildConfiguration;
			buildSettings = {
				ALWAYS_EMBED_SWIFT_STANDARD_LIBRARIES = YES;
				CODE_SIGN_STYLE = Automatic;
				INFOPLIST_FILE = CollectionViewCompositionalDiffableDataSourceUITests/Info.plist;
				LD_RUNPATH_SEARCH_PATHS = (
					"$(inherited)",
					"@executable_path/Frameworks",
					"@loader_path/Frameworks",
				);
				PRODUCT_BUNDLE_IDENTIFIER = com.CollectionViewCompositionalDiffableDataSourceUITests;
				PRODUCT_NAME = "$(TARGET_NAME)";
				SWIFT_VERSION = 5.0;
				TARGETED_DEVICE_FAMILY = "1,2";
				TEST_TARGET_NAME = CollectionViewCompositionalDiffableDataSource;
			};
			name = Debug;
		};
		3C2DEAB423F6B996005DDFDE /* Release */ = {
			isa = XCBuildConfiguration;
			buildSettings = {
				ALWAYS_EMBED_SWIFT_STANDARD_LIBRARIES = YES;
				CODE_SIGN_STYLE = Automatic;
				INFOPLIST_FILE = CollectionViewCompositionalDiffableDataSourceUITests/Info.plist;
				LD_RUNPATH_SEARCH_PATHS = (
					"$(inherited)",
					"@executable_path/Frameworks",
					"@loader_path/Frameworks",
				);
				PRODUCT_BUNDLE_IDENTIFIER = com.CollectionViewCompositionalDiffableDataSourceUITests;
				PRODUCT_NAME = "$(TARGET_NAME)";
				SWIFT_VERSION = 5.0;
				TARGETED_DEVICE_FAMILY = "1,2";
				TEST_TARGET_NAME = CollectionViewCompositionalDiffableDataSource;
			};
			name = Release;
		};
/* End XCBuildConfiguration section */

/* Begin XCConfigurationList section */
		3C2DEA7D23F6B995005DDFDE /* Build configuration list for PBXProject "CollectionViewCompositionalDiffableDataSource" */ = {
			isa = XCConfigurationList;
			buildConfigurations = (
				3C2DEAAA23F6B996005DDFDE /* Debug */,
				3C2DEAAB23F6B996005DDFDE /* Release */,
			);
			defaultConfigurationIsVisible = 0;
			defaultConfigurationName = Release;
		};
		3C2DEAAC23F6B996005DDFDE /* Build configuration list for PBXNativeTarget "CollectionViewCompositionalDiffableDataSource" */ = {
			isa = XCConfigurationList;
			buildConfigurations = (
				3C2DEAAD23F6B996005DDFDE /* Debug */,
				3C2DEAAE23F6B996005DDFDE /* Release */,
			);
			defaultConfigurationIsVisible = 0;
			defaultConfigurationName = Release;
		};
		3C2DEAAF23F6B996005DDFDE /* Build configuration list for PBXNativeTarget "CollectionViewCompositionalDiffableDataSourceTests" */ = {
			isa = XCConfigurationList;
			buildConfigurations = (
				3C2DEAB023F6B996005DDFDE /* Debug */,
				3C2DEAB123F6B996005DDFDE /* Release */,
			);
			defaultConfigurationIsVisible = 0;
			defaultConfigurationName = Release;
		};
		3C2DEAB223F6B996005DDFDE /* Build configuration list for PBXNativeTarget "CollectionViewCompositionalDiffableDataSourceUITests" */ = {
			isa = XCConfigurationList;
			buildConfigurations = (
				3C2DEAB323F6B996005DDFDE /* Debug */,
				3C2DEAB423F6B996005DDFDE /* Release */,
			);
			defaultConfigurationIsVisible = 0;
			defaultConfigurationName = Release;
		};
/* End XCConfigurationList section */
	};
	rootObject = 3C2DEA7A23F6B995005DDFDE /* Project object */;
}
